<?xml version="1.0" encoding="utf-8"?>
<Project xmlns="http://schemas.microsoft.com/developer/msbuild/2003">
  <PropertyGroup>
    <ProjectGuid>{12a6a940-c5f1-4aff-86f1-fa5b904c1b09}</ProjectGuid>
    <MainSource>yawedbpktt.dpk</MainSource>
    <Configuration Condition=" '$(Configuration)' == '' ">Debug</Configuration>
    <Platform Condition=" '$(Platform)' == '' ">AnyCPU</Platform>
    <DCC_DCCCompiler>DCC32</DCC_DCCCompiler>
    <DCC_DependencyCheckOutputName>..\..\Bin\yawedbpktt.bpl</DCC_DependencyCheckOutputName>
  </PropertyGroup>
  <PropertyGroup Condition=" '$(Configuration)|$(Platform)' == 'Release|AnyCPU' ">
    <Version>7.0</Version>
    <DCC_DebugInformation>False</DCC_DebugInformation>
    <DCC_LocalDebugSymbols>False</DCC_LocalDebugSymbols>
    <DCC_SymbolReferenceInfo>0</DCC_SymbolReferenceInfo>
    <DCC_Define>RELEASE</DCC_Define>
  </PropertyGroup>
  <PropertyGroup Condition=" '$(Configuration)|$(Platform)' == 'Debug|AnyCPU' ">
    <Version>7.0</Version>
    <DCC_IOChecking>False</DCC_IOChecking>
    <DCC_ImageBase>3F000000</DCC_ImageBase>
    <DCC_SymbolReferenceInfo>0</DCC_SymbolReferenceInfo>
    <DCC_MapFile>3</DCC_MapFile>
    <DCC_DcuOutput>Compiled</DCC_DcuOutput>
    <DCC_ObjOutput>Compiled</DCC_ObjOutput>
    <DCC_HppOutput>Compiled</DCC_HppOutput>
    <DCC_BplOutput>..\..\Bin</DCC_BplOutput>
    <DCC_DcpOutput>Lib</DCC_DcpOutput>
    <DCC_UnitSearchPath>$(BDS)\lib\Debug;$(BDS)\Lib\Debug\Indy10;Lib;Compiled;..\..\Bin\Lib;..\Interfaces</DCC_UnitSearchPath>
    <DCC_ResourcePath>$(BDS)\lib\Debug;$(BDS)\Lib\Debug\Indy10;Lib;Compiled;..\..\Bin\Lib;..\Interfaces</DCC_ResourcePath>
    <DCC_ObjPath>$(BDS)\lib\Debug;$(BDS)\Lib\Debug\Indy10;Lib;Compiled;..\..\Bin\Lib;..\Interfaces</DCC_ObjPath>
    <DCC_IncludePath>$(BDS)\lib\Debug;$(BDS)\Lib\Debug\Indy10;Lib;Compiled;..\..\Bin\Lib;..\Interfaces</DCC_IncludePath>
  </PropertyGroup>
  <ProjectExtensions>
    <Borland.Personality>Delphi.Personality</Borland.Personality>
    <Borland.ProjectType>Package</Borland.ProjectType>
    <BorlandProject>
<BorlandProject><Delphi.Personality><Parameters><Parameters Name="UseLauncher">False</Parameters><Parameters Name="LoadAllSymbols">True</Parameters><Parameters Name="LoadUnspecifiedSymbols">False</Parameters><Parameters Name="DebugSourceDirs">D:\Projects\YAWE_NEW\Shared\Bfg;D:\Projects\YAWE_NEW\Shared\API;D:\Projects\YAWE_NEW\Shared\Includes</Parameters><Parameters Name="HostApplication">D:\Projects\YAWE_NEW\Bin\YAWE.exe</Parameters></Parameters><Package_Options><Package_Options Name="ImplicitBuild">True</Package_Options><Package_Options Name="DesigntimeOnly">False</Package_Options><Package_Options Name="RuntimeOnly">False</Package_Options><Package_Options Name="PackageDescription">YAWE Pktt Storage Medium</Package_Options></Package_Options><VersionInfo><VersionInfo Name="IncludeVerInfo">True</VersionInfo><VersionInfo Name="AutoIncBuild">False</VersionInfo><VersionInfo Name="MajorVer">1</VersionInfo><VersionInfo Name="MinorVer">0</VersionInfo><VersionInfo Name="Release">0</VersionInfo><VersionInfo Name="Build">0</VersionInfo><VersionInfo Name="Debug">False</VersionInfo><VersionInfo Name="PreRelease">False</VersionInfo><VersionInfo Name="Special">False</VersionInfo><VersionInfo Name="Private">False</VersionInfo><VersionInfo Name="DLL">False</VersionInfo><VersionInfo Name="Locale">1051</VersionInfo><VersionInfo Name="CodePage">1250</VersionInfo></VersionInfo><VersionInfoKeys><VersionInfoKeys Name="CompanyName"></VersionInfoKeys><VersionInfoKeys Name="FileDescription"></VersionInfoKeys><VersionInfoKeys Name="FileVersion">1.0.0.0</VersionInfoKeys><VersionInfoKeys Name="InternalName"></VersionInfoKeys><VersionInfoKeys Name="LegalCopyright"></VersionInfoKeys><VersionInfoKeys Name="LegalTrademarks"></VersionInfoKeys><VersionInfoKeys Name="OriginalFilename"></VersionInfoKeys><VersionInfoKeys Name="ProductName"></VersionInfoKeys><VersionInfoKeys Name="ProductVersion">1.0.0.0</VersionInfoKeys><VersionInfoKeys Name="Comments"></VersionInfoKeys></VersionInfoKeys><Excluded_Packages>
      <Excluded_Packages Name="$(BDS)\bin\dcldbxcds4100.bpl">CodeGear SimpleDataset Component (DBX)</Excluded_Packages>
      <Excluded_Packages Name="$(BDS)\bin\dclwebsnap100.bpl">CodeGear WebSnap Components</Excluded_Packages>
      <Excluded_Packages Name="$(BDS)\bin\dclsoap100.bpl">CodeGear SOAP Components</Excluded_Packages>
      <Excluded_Packages Name="$(BDS)\Experts\ResEd\ResEd100.bpl">ResEd (Project Ressource Editor)</Excluded_Packages>
    </Excluded_Packages><Source><Source Name="MainSource">yawedbpktt.dpk</Source></Source></Delphi.Personality>  <ModelSupport>False</ModelSupport>
</BorlandProject></BorlandProject>
  </ProjectExtensions>
  <Import Project="$(MSBuildBinPath)\Borland.Delphi.Targets" />
  <ItemGroup>
    <DelphiCompile Include="yawedbpktt.dpk">
      <MainSource>MainSource</MainSource>
    </DelphiCompile>
    <DCCReference Include="C:\Program Files\RocketDock\bfgcore.dcp" />
    <DCCReference Include="C:\Program Files\RocketDock\rtl.dcp" />
    <DCCReference Include="DbCommon.pas" />
    <DCCReference Include="PkttMedium.pas" />
  </ItemGroup>
</Project>