<Project xmlns="http://schemas.microsoft.com/developer/msbuild/2003">
  <PropertyGroup>
    <ProjectGuid>{cf97e428-e517-4e60-b603-49ad911aabc2}</ProjectGuid>
    <MainSource>StripReloc.dpr</MainSource>
    <Configuration Condition=" '$(Configuration)' == '' ">Debug</Configuration>
    <Platform Condition=" '$(Platform)' == '' ">AnyCPU</Platform>
    <DCC_DCCCompiler>DCC32</DCC_DCCCompiler>
    <DCC_DependencyCheckOutputName>..\..\Bin\StripReloc.exe</DCC_DependencyCheckOutputName>
  </PropertyGroup>
  <PropertyGroup Condition=" '$(Configuration)|$(Platform)' == 'Release|AnyCPU' ">
    <Version>7.0</Version>
    <DCC_DebugInformation>False</DCC_DebugInformation>
    <DCC_LocalDebugSymbols>False</DCC_LocalDebugSymbols>
    <DCC_SymbolReferenceInfo>0</DCC_SymbolReferenceInfo>
    <DCC_ConsoleTarget>True</DCC_ConsoleTarget>
    <DCC_ExeOutput>..\..\Bin</DCC_ExeOutput>
    <DCC_DcuOutput>Bin</DCC_DcuOutput>
    <DCC_ObjOutput>Bin</DCC_ObjOutput>
    <DCC_HppOutput>Bin</DCC_HppOutput>
    <DCC_UnitSearchPath>$(BDS)\lib\Debug;$(BDS)\Lib\Debug\Indy10</DCC_UnitSearchPath>
    <DCC_ResourcePath>$(BDS)\lib\Debug;$(BDS)\Lib\Debug\Indy10</DCC_ResourcePath>
    <DCC_ObjPath>$(BDS)\lib\Debug;$(BDS)\Lib\Debug\Indy10</DCC_ObjPath>
    <DCC_IncludePath>$(BDS)\lib\Debug;$(BDS)\Lib\Debug\Indy10</DCC_IncludePath>
    <DCC_Define>RELEASE</DCC_Define>
  </PropertyGroup>
  <PropertyGroup Condition=" '$(Configuration)|$(Platform)' == 'Debug|AnyCPU' ">
    <Version>7.0</Version>
    <DCC_ConsoleTarget>True</DCC_ConsoleTarget>
    <DCC_ExeOutput>..\..\Bin</DCC_ExeOutput>
    <DCC_DcuOutput>Bin</DCC_DcuOutput>
    <DCC_ObjOutput>Bin</DCC_ObjOutput>
    <DCC_HppOutput>Bin</DCC_HppOutput>
    <DCC_UnitSearchPath>$(BDS)\lib\Debug;$(BDS)\Lib\Debug\Indy10</DCC_UnitSearchPath>
    <DCC_ResourcePath>$(BDS)\lib\Debug;$(BDS)\Lib\Debug\Indy10</DCC_ResourcePath>
    <DCC_ObjPath>$(BDS)\lib\Debug;$(BDS)\Lib\Debug\Indy10</DCC_ObjPath>
    <DCC_IncludePath>$(BDS)\lib\Debug;$(BDS)\Lib\Debug\Indy10</DCC_IncludePath>
    <DCC_Define>DEBUG</DCC_Define>
  </PropertyGroup>
  <ProjectExtensions>
    <Borland.Personality>Delphi.Personality</Borland.Personality>
    <Borland.ProjectType />
    <BorlandProject>
<BorlandProject xmlns=""> <Delphi.Personality>   <Parameters>
      <Parameters Name="UseLauncher">False</Parameters>
      <Parameters Name="LoadAllSymbols">True</Parameters>
      <Parameters Name="LoadUnspecifiedSymbols">False</Parameters>
    </Parameters>
    <VersionInfo>
      <VersionInfo Name="IncludeVerInfo">False</VersionInfo>
      <VersionInfo Name="AutoIncBuild">False</VersionInfo>
      <VersionInfo Name="MajorVer">1</VersionInfo>
      <VersionInfo Name="MinorVer">0</VersionInfo>
      <VersionInfo Name="Release">0</VersionInfo>
      <VersionInfo Name="Build">0</VersionInfo>
      <VersionInfo Name="Debug">False</VersionInfo>
      <VersionInfo Name="PreRelease">False</VersionInfo>
      <VersionInfo Name="Special">False</VersionInfo>
      <VersionInfo Name="Private">False</VersionInfo>
      <VersionInfo Name="DLL">False</VersionInfo>
      <VersionInfo Name="Locale">1051</VersionInfo>
      <VersionInfo Name="CodePage">1250</VersionInfo>
    </VersionInfo>
    <VersionInfoKeys>
      <VersionInfoKeys Name="CompanyName"></VersionInfoKeys>
      <VersionInfoKeys Name="FileDescription"></VersionInfoKeys>
      <VersionInfoKeys Name="FileVersion">1.0.0.0</VersionInfoKeys>
      <VersionInfoKeys Name="InternalName"></VersionInfoKeys>
      <VersionInfoKeys Name="LegalCopyright"></VersionInfoKeys>
      <VersionInfoKeys Name="LegalTrademarks"></VersionInfoKeys>
      <VersionInfoKeys Name="OriginalFilename"></VersionInfoKeys>
      <VersionInfoKeys Name="ProductName"></VersionInfoKeys>
      <VersionInfoKeys Name="ProductVersion">1.0.0.0</VersionInfoKeys>
      <VersionInfoKeys Name="Comments"></VersionInfoKeys>
    </VersionInfoKeys>
    <Excluded_Packages>
      
      
      
      
      
      
      
      
      
      
      
      
      
      
      
      
      
      
      
      
      
      
      
      
      <Excluded_Packages Name="e:\delphi\Bin\dclsoap100.bpl">Borland SOAP Components</Excluded_Packages>
      <Excluded_Packages Name="E:\Delphi\Bin\dclnet100.bpl">Borland Internet Components</Excluded_Packages>
      <Excluded_Packages Name="e:\delphi\Bin\dcldbxcds100.bpl">Borland SimpleDataset Component (DBX)</Excluded_Packages>
      <Excluded_Packages Name="E:\Delphi\Bin\dcldbx100.bpl">Borland dbExpress Components</Excluded_Packages>
      <Excluded_Packages Name="e:\delphi\Bin\dclib100.bpl">Borland InterBase Express Components</Excluded_Packages>
      <Excluded_Packages Name="e:\delphi\Bin\dclIntraweb_80_100.bpl">Intraweb 8.0 Design Package for Borland Development Studio 2006</Excluded_Packages>
      <Excluded_Packages Name="e:\delphi\Bin\dclIndyCore100.bpl">Indy 10 Core Design Time</Excluded_Packages>
      <Excluded_Packages Name="e:\delphi\Bin\dclsmp100.bpl">Borland Sample Components</Excluded_Packages>
      <Excluded_Packages Name="e:\delphi\Bin\dclIndyProtocols100.bpl">Indy 10 Protocols Design Time</Excluded_Packages>
      <Excluded_Packages Name="e:\delphi\Bin\dcltee100.bpl">TeeChart Components</Excluded_Packages>
      <Excluded_Packages Name="G:\mAD\madBasic\DeXter\madBasic_.bpl">madBasic 1.1m  -  www.madshi.net</Excluded_Packages>
      <Excluded_Packages Name="G:\mAD\madBasic\DeXter\madHelp_.bpl">madHelp 1.1a  -  www.madshi.net</Excluded_Packages>
    </Excluded_Packages>
    <Source>
      <Source Name="MainSource">StripReloc.dpr</Source>
    </Source>
  </Delphi.Personality> </BorlandProject></BorlandProject>
  </ProjectExtensions>
  <ItemGroup />
  <ItemGroup>
    <DelphiCompile Include="StripReloc.dpr">
      <MainSource>MainSource</MainSource>
    </DelphiCompile>
  </ItemGroup>
  <Import Project="$(MSBuildBinPath)\Borland.Delphi.Targets" />
</Project>